
Microsoft Visual Studio Solution File, Format Version 12.00
# Visual Studio Version 16
VisualStudioVersion = 16.0.30621.155
MinimumVisualStudioVersion = 10.0.40219.1
Project("{FAE04EC0-301F-11D3-BF4B-00C04F79EFBC}") = "OnThiLTCSDL", "OnThiLTCSDL\OnThiLTCSDL.csproj", "{6B083AD3-81A6-4B06-9666-816D647DC9D6}"
EndProject
Global
	GlobalSection(SolutionConfigurationPlatforms) = preSolution
		Debug|Any CPU = Debug|Any CPU
		Release|Any CPU = Release|Any CPU
	EndGlobalSection
	GlobalSection(ProjectConfigurationPlatforms) = postSolution
		{6B083AD3-81A6-4B06-9666-816D647DC9D6}.Debug|Any CPU.ActiveCfg = Debug|Any CPU
		{6B083AD3-81A6-4B06-9666-816D647DC9D6}.Debug|Any CPU.Build.0 = Debug|Any CPU
		{6B083AD3-81A6-4B06-9666-816D647DC9D6}.Release|Any CPU.ActiveCfg = Release|Any CPU
		{6B083AD3-81A6-4B06-9666-816D647DC9D6}.Release|Any CPU.Build.0 = Release|Any CPU
	EndGlobalSection
	GlobalSection(SolutionProperties) = preSolution
		HideSolutionNode = FALSE
	EndGlobalSection
	GlobalSection(ExtensibilityGlobals) = postSolution
		SolutionGuid = {74A718FE-6F53-42F2-8759-FFA3F42FC3B4}
	EndGlobalSection
EndGlobal
